{
  "name": "wordle",
  "version": "1.0.0",
  "lockfileVersion": 1,
  "requires": true,
  "dependencies": {
    "@types/canvas-confetti": {
      "version": "1.4.2",
      "resolved": "https://registry.npmjs.org/@types/canvas-confetti/-/canvas-confetti-1.4.2.tgz",
      "integrity": "sha512-t45KUDHlwrD9PJVRHc5z1SlXhO82BQEgMKUXGEV1KnWLFMPA6Y5LfUsLTHHzH9KcKDHZLEiYYH5nIDcjRKWNTg==",
      "dev": true
    },
    "canvas-confetti": {
      "version": "1.5.1",
      "resolved": "https://registry.npmjs.org/canvas-confetti/-/canvas-confetti-1.5.1.tgz",
      "integrity": "sha512-Ncz+oZJP6OvY7ti4E1slxVlyAV/3g7H7oQtcCDXgwGgARxPnwYY9PW5Oe+I8uvspYNtuHviAdgA0LfcKFWJfpg=="
    }
  }
}
